
Microsoft Visual Studio Solution File, Format Version 12.00
# Visual Studio Version 17
VisualStudioVersion = 17.0.31912.275
MinimumVisualStudioVersion = 10.0.40219.1
Project("{FAE04EC0-301F-11D3-BF4B-00C04F79EFBC}") = "SitaAai", "SitaAai\SitaAai.csproj", "{72D2AB15-B451-4AAC-BDFD-61562E4053FE}"
EndProject
Global
	GlobalSection(SolutionConfigurationPlatforms) = preSolution
		Debug|Any CPU = Debug|Any CPU
		Release|Any CPU = Release|Any CPU
	EndGlobalSection
	GlobalSection(ProjectConfigurationPlatforms) = postSolution
		{72D2AB15-B451-4AAC-BDFD-61562E4053FE}.Debug|Any CPU.ActiveCfg = Debug|Any CPU
		{72D2AB15-B451-4AAC-BDFD-61562E4053FE}.Debug|Any CPU.Build.0 = Debug|Any CPU
		{72D2AB15-B451-4AAC-BDFD-61562E4053FE}.Release|Any CPU.ActiveCfg = Release|Any CPU
		{72D2AB15-B451-4AAC-BDFD-61562E4053FE}.Release|Any CPU.Build.0 = Release|Any CPU
	EndGlobalSection
	GlobalSection(SolutionProperties) = preSolution
		HideSolutionNode = FALSE
	EndGlobalSection
	GlobalSection(ExtensibilityGlobals) = postSolution
		SolutionGuid = {C2165815-FED4-46A7-8E14-ED7C910067AB}
	EndGlobalSection
EndGlobal
